<?xml version="1.0" encoding="utf-8"?>
<Project ToolsVersion="4.0" xmlns="http://schemas.microsoft.com/developer/msbuild/2003">
  <ItemGroup>
    <ClCompile Include="Application.cpp">
      <Filter>Source</Filter>
    </ClCompile>
    <ClCompile Include="log.cpp">
      <Filter>Source</Filter>
    </ClCompile>
    <ClCompile Include="Main.cpp">
      <Filter>Source</Filter>
    </ClCompile>
    <ClCompile Include="..\External\ImGui\Include\MainSource\imgui.cpp">
      <Filter>External\ImGui</Filter>
    </ClCompile>
    <ClCompile Include="..\External\ImGui\Include\MainSource\imgui_demo.cpp">
      <Filter>External\ImGui</Filter>
    </ClCompile>
    <ClCompile Include="..\External\ImGui\Include\MainSource\imgui_draw.cpp">
      <Filter>External\ImGui</Filter>
    </ClCompile>
    <ClCompile Include="..\External\ImGui\Include\GlueCode\imgui_impl_opengl3.cpp">
      <Filter>External\ImGui</Filter>
    </ClCompile>
    <ClCompile Include="..\External\ImGui\Include\GlueCode\imgui_impl_sdl.cpp">
      <Filter>External\ImGui</Filter>
    </ClCompile>
    <ClCompile Include="..\External\ImGui\Include\MainSource\imgui_tables.cpp">
      <Filter>External\ImGui</Filter>
    </ClCompile>
    <ClCompile Include="..\External\ImGui\Include\MainSource\imgui_widgets.cpp">
      <Filter>External\ImGui</Filter>
    </ClCompile>
    <ClCompile Include="..\External\MathGeoLib\Include\Algorithm\GJK.cpp">
      <Filter>External\MathGeoLib\Algorithm</Filter>
    </ClCompile>
    <ClCompile Include="..\External\MathGeoLib\Include\Algorithm\GJK2D.cpp">
      <Filter>External\MathGeoLib\Algorithm</Filter>
    </ClCompile>
    <ClCompile Include="..\External\MathGeoLib\Include\Algorithm\SAT.cpp">
      <Filter>External\MathGeoLib\Algorithm</Filter>
    </ClCompile>
    <ClCompile Include="..\External\MathGeoLib\Include\Algorithm\Random\LCG.cpp">
      <Filter>External\MathGeoLib\Algorithm\Random</Filter>
    </ClCompile>
    <ClCompile Include="..\External\MathGeoLib\Include\Geometry\AABB.cpp">
      <Filter>External\MathGeoLib\Geometry</Filter>
    </ClCompile>
    <ClCompile Include="..\External\MathGeoLib\Include\Geometry\Capsule.cpp">
      <Filter>External\MathGeoLib\Geometry</Filter>
    </ClCompile>
    <ClCompile Include="..\External\MathGeoLib\Include\Geometry\Circle.cpp">
      <Filter>External\MathGeoLib\Geometry</Filter>
    </ClCompile>
    <ClCompile Include="..\External\MathGeoLib\Include\Geometry\Circle2D.cpp">
      <Filter>External\MathGeoLib\Geometry</Filter>
    </ClCompile>
    <ClCompile Include="..\External\MathGeoLib\Include\Geometry\Frustum.cpp">
      <Filter>External\MathGeoLib\Geometry</Filter>
    </ClCompile>
    <ClCompile Include="..\External\MathGeoLib\Include\Geometry\Line.cpp">
      <Filter>External\MathGeoLib\Geometry</Filter>
    </ClCompile>
    <ClCompile Include="..\External\MathGeoLib\Include\Geometry\LineSegment.cpp">
      <Filter>External\MathGeoLib\Geometry</Filter>
    </ClCompile>
    <ClCompile Include="..\External\MathGeoLib\Include\Geometry\LineSegment2D.cpp">
      <Filter>External\MathGeoLib\Geometry</Filter>
    </ClCompile>
    <ClCompile Include="..\External\MathGeoLib\Include\Geometry\OBB.cpp">
      <Filter>External\MathGeoLib\Geometry</Filter>
    </ClCompile>
    <ClCompile Include="..\External\MathGeoLib\Include\Geometry\PBVolume.cpp">
      <Filter>External\MathGeoLib\Geometry</Filter>
    </ClCompile>
    <ClCompile Include="..\External\MathGeoLib\Include\Geometry\Plane.cpp">
      <Filter>External\MathGeoLib\Geometry</Filter>
    </ClCompile>
    <ClCompile Include="..\External\MathGeoLib\Include\Geometry\Polygon.cpp">
      <Filter>External\MathGeoLib\Geometry</Filter>
    </ClCompile>
    <ClCompile Include="..\External\MathGeoLib\Include\Geometry\Polyhedron.cpp">
      <Filter>External\MathGeoLib\Geometry</Filter>
    </ClCompile>
    <ClCompile Include="..\External\MathGeoLib\Include\Geometry\Ray.cpp">
      <Filter>External\MathGeoLib\Geometry</Filter>
    </ClCompile>
    <ClCompile Include="..\External\MathGeoLib\Include\Geometry\Sphere.cpp">
      <Filter>External\MathGeoLib\Geometry</Filter>
    </ClCompile>
    <ClCompile Include="..\External\MathGeoLib\Include\Geometry\Triangle.cpp">
      <Filter>External\MathGeoLib\Geometry</Filter>
    </ClCompile>
    <ClCompile Include="..\External\MathGeoLib\Include\Geometry\Triangle2D.cpp">
      <Filter>External\MathGeoLib\Geometry</Filter>
    </ClCompile>
    <ClCompile Include="..\External\MathGeoLib\Include\Geometry\TriangleMesh.cpp">
      <Filter>External\MathGeoLib\Geometry</Filter>
    </ClCompile>
    <ClCompile Include="..\External\MathGeoLib\Include\Math\BitOps.cpp">
      <Filter>External\MathGeoLib\Math</Filter>
    </ClCompile>
    <ClCompile Include="..\External\MathGeoLib\Include\Math\Callstack.cpp">
      <Filter>External\MathGeoLib\Math</Filter>
    </ClCompile>
    <ClCompile Include="..\External\MathGeoLib\Include\Math\float2.cpp">
      <Filter>External\MathGeoLib\Math</Filter>
    </ClCompile>
    <ClCompile Include="..\External\MathGeoLib\Include\Math\float3.cpp">
      <Filter>External\MathGeoLib\Math</Filter>
    </ClCompile>
    <ClCompile Include="..\External\MathGeoLib\Include\Math\float3x3.cpp">
      <Filter>External\MathGeoLib\Math</Filter>
    </ClCompile>
    <ClCompile Include="..\External\MathGeoLib\Include\Math\float3x4.cpp">
      <Filter>External\MathGeoLib\Math</Filter>
    </ClCompile>
    <ClCompile Include="..\External\MathGeoLib\Include\Math\float4.cpp">
      <Filter>External\MathGeoLib\Math</Filter>
    </ClCompile>
    <ClCompile Include="..\External\MathGeoLib\Include\Math\float4d.cpp">
      <Filter>External\MathGeoLib\Math</Filter>
    </ClCompile>
    <ClCompile Include="..\External\MathGeoLib\Include\Math\float4x4.cpp">
      <Filter>External\MathGeoLib\Math</Filter>
    </ClCompile>
    <ClCompile Include="..\External\MathGeoLib\Include\Math\grisu3.c">
      <Filter>External\MathGeoLib\Math</Filter>
    </ClCompile>
    <ClCompile Include="..\External\MathGeoLib\Include\Math\grisu3_cpp.cpp">
      <Filter>External\MathGeoLib\Math</Filter>
    </ClCompile>
    <ClCompile Include="..\External\MathGeoLib\Include\Math\MathFunc.cpp">
      <Filter>External\MathGeoLib\Math</Filter>
    </ClCompile>
    <ClCompile Include="..\External\MathGeoLib\Include\Math\MathLog.cpp">
      <Filter>External\MathGeoLib\Math</Filter>
    </ClCompile>
    <ClCompile Include="..\External\MathGeoLib\Include\Math\MathOps.cpp">
      <Filter>External\MathGeoLib\Math</Filter>
    </ClCompile>
    <ClCompile Include="..\External\MathGeoLib\Include\Math\MiniFloat.cpp">
      <Filter>External\MathGeoLib\Math</Filter>
    </ClCompile>
    <ClCompile Include="..\External\MathGeoLib\Include\Math\Polynomial.cpp">
      <Filter>External\MathGeoLib\Math</Filter>
    </ClCompile>
    <ClCompile Include="..\External\MathGeoLib\Include\Math\Quat.cpp">
      <Filter>External\MathGeoLib\Math</Filter>
    </ClCompile>
    <ClCompile Include="..\External\MathGeoLib\Include\Math\SSEMath.cpp">
      <Filter>External\MathGeoLib\Math</Filter>
    </ClCompile>
    <ClCompile Include="..\External\MathGeoLib\Include\Math\TransformOps.cpp">
      <Filter>External\MathGeoLib\Math</Filter>
    </ClCompile>
    <ClCompile Include="..\External\MathGeoLib\Include\Time\Clock.cpp">
      <Filter>External\MathGeoLib\Time</Filter>
    </ClCompile>
    <ClCompile Include="ModuleDebugDraw.cpp">
      <Filter>Source\Modules</Filter>
    </ClCompile>
    <ClCompile Include="ModuleEditor.cpp">
      <Filter>Source\Modules</Filter>
    </ClCompile>
    <ClCompile Include="ModuleEditorCamera.cpp">
      <Filter>Source\Modules</Filter>
    </ClCompile>
    <ClCompile Include="ModuleInput.cpp">
      <Filter>Source\Modules</Filter>
    </ClCompile>
    <ClCompile Include="ModuleProgram.cpp">
      <Filter>Source\Modules</Filter>
    </ClCompile>
    <ClCompile Include="ModuleRender.cpp">
      <Filter>Source\Modules</Filter>
    </ClCompile>
    <ClCompile Include="ModuleTexture.cpp">
      <Filter>Source\Modules</Filter>
    </ClCompile>
    <ClCompile Include="ModuleWindow.cpp">
      <Filter>Source\Modules</Filter>
    </ClCompile>
    <ClCompile Include="Mesh.cpp">
      <Filter>Source\Models\3D Models</Filter>
    </ClCompile>
    <ClCompile Include="Model3D.cpp">
      <Filter>Source\Models\3D Models</Filter>
    </ClCompile>
    <ClCompile Include="Timer.cpp">
      <Filter>Source\Models\Timers</Filter>
    </ClCompile>
    <ClCompile Include="MillisecondTimer.cpp">
      <Filter>Source\Models\Timers</Filter>
    </ClCompile>
    <ClCompile Include="MicrosecondTimer.cpp">
      <Filter>Source\Models\Timers</Filter>
    </ClCompile>
    <ClCompile Include="WindowMainMenu.cpp">
      <Filter>Source\Models\Windows</Filter>
    </ClCompile>
    <ClCompile Include="WindowConfiguration.cpp">
      <Filter>Source\Models\Windows\EditorWindows</Filter>
    </ClCompile>
    <ClCompile Include="WindowConsole.cpp">
      <Filter>Source\Models\Windows\EditorWindows</Filter>
    </ClCompile>
    <ClCompile Include="EditorWindow.cpp">
      <Filter>Source\Models\Windows\EditorWindows</Filter>
    </ClCompile>
    <ClCompile Include="WindowFPS.cpp">
      <Filter>Source\Models\Windows\SubWindows</Filter>
    </ClCompile>
    <ClCompile Include="WindowHardware.cpp">
      <Filter>Source\Models\Windows\EditorWindows</Filter>
    </ClCompile>
    <ClCompile Include="WindowInput.cpp">
      <Filter>Source\Models\Windows\SubWindows</Filter>
    </ClCompile>
    <ClCompile Include="WindowModel3D.cpp">
      <Filter>Source\Models\Windows\EditorWindows</Filter>
    </ClCompile>
    <ClCompile Include="WindowScene.cpp">
      <Filter>Source\Models\Windows\EditorWindows</Filter>
    </ClCompile>
    <ClCompile Include="WindowWindow.cpp">
      <Filter>Source\Models\Windows\SubWindows</Filter>
    </ClCompile>
    <ClCompile Include="SubWindow.cpp">
      <Filter>Source\Models\Windows\SubWindows</Filter>
    </ClCompile>
    <ClCompile Include="WindowRenderer.cpp">
      <Filter>Source\Models\Windows\SubWindows</Filter>
    </ClCompile>
  </ItemGroup>
  <ItemGroup>
    <ClInclude Include="Application.h">
      <Filter>Source</Filter>
    </ClInclude>
    <ClInclude Include="Dummy.h">
      <Filter>Source</Filter>
    </ClInclude>
    <ClInclude Include="Globals.h">
      <Filter>Source</Filter>
    </ClInclude>
    <ClInclude Include="..\External\ImGui\Include\MainSource\imstb_truetype.h">
      <Filter>External\ImGui</Filter>
    </ClInclude>
    <ClInclude Include="..\External\ImGui\Include\MainSource\imconfig.h">
      <Filter>External\ImGui</Filter>
    </ClInclude>
    <ClInclude Include="..\External\ImGui\Include\MainSource\imgui.h">
      <Filter>External\ImGui</Filter>
    </ClInclude>
    <ClInclude Include="..\External\ImGui\Include\GlueCode\imgui_impl_opengl3.h">
      <Filter>External\ImGui</Filter>
    </ClInclude>
    <ClInclude Include="..\External\ImGui\Include\GlueCode\imgui_impl_opengl3_loader.h">
      <Filter>External\ImGui</Filter>
    </ClInclude>
    <ClInclude Include="..\External\ImGui\Include\GlueCode\imgui_impl_sdl.h">
      <Filter>External\ImGui</Filter>
    </ClInclude>
    <ClInclude Include="..\External\ImGui\Include\MainSource\imgui_internal.h">
      <Filter>External\ImGui</Filter>
    </ClInclude>
    <ClInclude Include="..\External\ImGui\Include\MainSource\imstb_rectpack.h">
      <Filter>External\ImGui</Filter>
    </ClInclude>
    <ClInclude Include="..\External\ImGui\Include\MainSource\imstb_textedit.h">
      <Filter>External\ImGui</Filter>
    </ClInclude>
    <ClInclude Include="..\External\MathGeoLib\Include\MathBuildConfig.h">
      <Filter>External\MathGeoLib</Filter>
    </ClInclude>
    <ClInclude Include="..\External\MathGeoLib\Include\MathGeoLib.h">
      <Filter>External\MathGeoLib</Filter>
    </ClInclude>
    <ClInclude Include="..\External\MathGeoLib\Include\MathGeoLibFwd.h">
      <Filter>External\MathGeoLib</Filter>
    </ClInclude>
    <ClInclude Include="..\External\MathGeoLib\Include\Algorithm\GJK.h">
      <Filter>External\MathGeoLib\Algorithm</Filter>
    </ClInclude>
    <ClInclude Include="..\External\MathGeoLib\Include\Algorithm\GJK2D.h">
      <Filter>External\MathGeoLib\Algorithm</Filter>
    </ClInclude>
    <ClInclude Include="..\External\MathGeoLib\Include\Algorithm\SAT.h">
      <Filter>External\MathGeoLib\Algorithm</Filter>
    </ClInclude>
    <ClInclude Include="..\External\MathGeoLib\Include\Algorithm\Random\LCG.h">
      <Filter>External\MathGeoLib\Algorithm\Random</Filter>
    </ClInclude>
    <ClInclude Include="..\External\MathGeoLib\Include\Geometry\AABB.h">
      <Filter>External\MathGeoLib\Geometry</Filter>
    </ClInclude>
    <ClInclude Include="..\External\MathGeoLib\Include\Geometry\AABB2D.h">
      <Filter>External\MathGeoLib\Geometry</Filter>
    </ClInclude>
    <ClInclude Include="..\External\MathGeoLib\Include\Geometry\Capsule.h">
      <Filter>External\MathGeoLib\Geometry</Filter>
    </ClInclude>
    <ClInclude Include="..\External\MathGeoLib\Include\Geometry\Circle.h">
      <Filter>External\MathGeoLib\Geometry</Filter>
    </ClInclude>
    <ClInclude Include="..\External\MathGeoLib\Include\Geometry\Circle2D.h">
      <Filter>External\MathGeoLib\Geometry</Filter>
    </ClInclude>
    <ClInclude Include="..\External\MathGeoLib\Include\Geometry\Frustum.h">
      <Filter>External\MathGeoLib\Geometry</Filter>
    </ClInclude>
    <ClInclude Include="..\External\MathGeoLib\Include\Geometry\GeometryAll.h">
      <Filter>External\MathGeoLib\Geometry</Filter>
    </ClInclude>
    <ClInclude Include="..\External\MathGeoLib\Include\Geometry\GeomType.h">
      <Filter>External\MathGeoLib\Geometry</Filter>
    </ClInclude>
    <ClInclude Include="..\External\MathGeoLib\Include\Geometry\HitInfo.h">
      <Filter>External\MathGeoLib\Geometry</Filter>
    </ClInclude>
    <ClInclude Include="..\External\MathGeoLib\Include\Geometry\KDTree.h">
      <Filter>External\MathGeoLib\Geometry</Filter>
    </ClInclude>
    <ClInclude Include="..\External\MathGeoLib\Include\Geometry\Line.h">
      <Filter>External\MathGeoLib\Geometry</Filter>
    </ClInclude>
    <ClInclude Include="..\External\MathGeoLib\Include\Geometry\LineSegment.h">
      <Filter>External\MathGeoLib\Geometry</Filter>
    </ClInclude>
    <ClInclude Include="..\External\MathGeoLib\Include\Geometry\LineSegment2D.h">
      <Filter>External\MathGeoLib\Geometry</Filter>
    </ClInclude>
    <ClInclude Include="..\External\MathGeoLib\Include\Geometry\OBB.h">
      <Filter>External\MathGeoLib\Geometry</Filter>
    </ClInclude>
    <ClInclude Include="..\External\MathGeoLib\Include\Geometry\OBB2D.h">
      <Filter>External\MathGeoLib\Geometry</Filter>
    </ClInclude>
    <ClInclude Include="..\External\MathGeoLib\Include\Geometry\PBVolume.h">
      <Filter>External\MathGeoLib\Geometry</Filter>
    </ClInclude>
    <ClInclude Include="..\External\MathGeoLib\Include\Geometry\Plane.h">
      <Filter>External\MathGeoLib\Geometry</Filter>
    </ClInclude>
    <ClInclude Include="..\External\MathGeoLib\Include\Geometry\Polygon.h">
      <Filter>External\MathGeoLib\Geometry</Filter>
    </ClInclude>
    <ClInclude Include="..\External\MathGeoLib\Include\Geometry\Polygon2DRef.h">
      <Filter>External\MathGeoLib\Geometry</Filter>
    </ClInclude>
    <ClInclude Include="..\External\MathGeoLib\Include\Geometry\Polyhedron.h">
      <Filter>External\MathGeoLib\Geometry</Filter>
    </ClInclude>
    <ClInclude Include="..\External\MathGeoLib\Include\Geometry\QuadTree.h">
      <Filter>External\MathGeoLib\Geometry</Filter>
    </ClInclude>
    <ClInclude Include="..\External\MathGeoLib\Include\Geometry\Ray.h">
      <Filter>External\MathGeoLib\Geometry</Filter>
    </ClInclude>
    <ClInclude Include="..\External\MathGeoLib\Include\Geometry\Sphere.h">
      <Filter>External\MathGeoLib\Geometry</Filter>
    </ClInclude>
    <ClInclude Include="..\External\MathGeoLib\Include\Geometry\Triangle.h">
      <Filter>External\MathGeoLib\Geometry</Filter>
    </ClInclude>
    <ClInclude Include="..\External\MathGeoLib\Include\Geometry\Triangle2D.h">
      <Filter>External\MathGeoLib\Geometry</Filter>
    </ClInclude>
    <ClInclude Include="..\External\MathGeoLib\Include\Geometry\TriangleMesh.h">
      <Filter>External\MathGeoLib\Geometry</Filter>
    </ClInclude>
    <ClInclude Include="..\External\MathGeoLib\Include\Math\assume.h">
      <Filter>External\MathGeoLib\Math</Filter>
    </ClInclude>
    <ClInclude Include="..\External\MathGeoLib\Include\Math\BitFuncs.h">
      <Filter>External\MathGeoLib\Math</Filter>
    </ClInclude>
    <ClInclude Include="..\External\MathGeoLib\Include\Math\BitOps.h">
      <Filter>External\MathGeoLib\Math</Filter>
    </ClInclude>
    <ClInclude Include="..\External\MathGeoLib\Include\Math\Callstack.h">
      <Filter>External\MathGeoLib\Math</Filter>
    </ClInclude>
    <ClInclude Include="..\External\MathGeoLib\Include\Math\FixedPoint.h">
      <Filter>External\MathGeoLib\Math</Filter>
    </ClInclude>
    <ClInclude Include="..\External\MathGeoLib\Include\Math\float2.h">
      <Filter>External\MathGeoLib\Math</Filter>
    </ClInclude>
    <ClInclude Include="..\External\MathGeoLib\Include\Math\float3.h">
      <Filter>External\MathGeoLib\Math</Filter>
    </ClInclude>
    <ClInclude Include="..\External\MathGeoLib\Include\Math\float3x3.h">
      <Filter>External\MathGeoLib\Math</Filter>
    </ClInclude>
    <ClInclude Include="..\External\MathGeoLib\Include\Math\float3x4.h">
      <Filter>External\MathGeoLib\Math</Filter>
    </ClInclude>
    <ClInclude Include="..\External\MathGeoLib\Include\Math\float4.h">
      <Filter>External\MathGeoLib\Math</Filter>
    </ClInclude>
    <ClInclude Include="..\External\MathGeoLib\Include\Math\float4_neon.h">
      <Filter>External\MathGeoLib\Math</Filter>
    </ClInclude>
    <ClInclude Include="..\External\MathGeoLib\Include\Math\float4_sse.h">
      <Filter>External\MathGeoLib\Math</Filter>
    </ClInclude>
    <ClInclude Include="..\External\MathGeoLib\Include\Math\float4d.h">
      <Filter>External\MathGeoLib\Math</Filter>
    </ClInclude>
    <ClInclude Include="..\External\MathGeoLib\Include\Math\float4x4.h">
      <Filter>External\MathGeoLib\Math</Filter>
    </ClInclude>
    <ClInclude Include="..\External\MathGeoLib\Include\Math\float4x4_neon.h">
      <Filter>External\MathGeoLib\Math</Filter>
    </ClInclude>
    <ClInclude Include="..\External\MathGeoLib\Include\Math\float4x4_sse.h">
      <Filter>External\MathGeoLib\Math</Filter>
    </ClInclude>
    <ClInclude Include="..\External\MathGeoLib\Include\Math\FloatCmp.h">
      <Filter>External\MathGeoLib\Math</Filter>
    </ClInclude>
    <ClInclude Include="..\External\MathGeoLib\Include\Math\grisu3.h">
      <Filter>External\MathGeoLib\Math</Filter>
    </ClInclude>
    <ClInclude Include="..\External\MathGeoLib\Include\Math\InclWindows.h">
      <Filter>External\MathGeoLib\Math</Filter>
    </ClInclude>
    <ClInclude Include="..\External\MathGeoLib\Include\Math\Interpolate.h">
      <Filter>External\MathGeoLib\Math</Filter>
    </ClInclude>
    <ClInclude Include="..\External\MathGeoLib\Include\Math\MathAll.h">
      <Filter>External\MathGeoLib\Math</Filter>
    </ClInclude>
    <ClInclude Include="..\External\MathGeoLib\Include\Math\MathConstants.h">
      <Filter>External\MathGeoLib\Math</Filter>
    </ClInclude>
    <ClInclude Include="..\External\MathGeoLib\Include\Math\MathFunc.h">
      <Filter>External\MathGeoLib\Math</Filter>
    </ClInclude>
    <ClInclude Include="..\External\MathGeoLib\Include\Math\MathLog.h">
      <Filter>External\MathGeoLib\Math</Filter>
    </ClInclude>
    <ClInclude Include="..\External\MathGeoLib\Include\Math\MathNamespace.h">
      <Filter>External\MathGeoLib\Math</Filter>
    </ClInclude>
    <ClInclude Include="..\External\MathGeoLib\Include\Math\MathTypes.h">
      <Filter>External\MathGeoLib\Math</Filter>
    </ClInclude>
    <ClInclude Include="..\External\MathGeoLib\Include\Math\MatrixProxy.h">
      <Filter>External\MathGeoLib\Math</Filter>
    </ClInclude>
    <ClInclude Include="..\External\MathGeoLib\Include\Math\MiniFloat.h">
      <Filter>External\MathGeoLib\Math</Filter>
    </ClInclude>
    <ClInclude Include="..\External\MathGeoLib\Include\Math\MultiLineMacro.h">
      <Filter>External\MathGeoLib\Math</Filter>
    </ClInclude>
    <ClInclude Include="..\External\MathGeoLib\Include\Math\myassert.h">
      <Filter>External\MathGeoLib\Math</Filter>
    </ClInclude>
    <ClInclude Include="..\External\MathGeoLib\Include\Math\Polynomial.h">
      <Filter>External\MathGeoLib\Math</Filter>
    </ClInclude>
    <ClInclude Include="..\External\MathGeoLib\Include\Math\Quat.h">
      <Filter>External\MathGeoLib\Math</Filter>
    </ClInclude>
    <ClInclude Include="..\External\MathGeoLib\Include\Math\quat_simd.h">
      <Filter>External\MathGeoLib\Math</Filter>
    </ClInclude>
    <ClInclude Include="..\External\MathGeoLib\Include\Math\Rect.h">
      <Filter>External\MathGeoLib\Math</Filter>
    </ClInclude>
    <ClInclude Include="..\External\MathGeoLib\Include\Math\Reinterpret.h">
      <Filter>External\MathGeoLib\Math</Filter>
    </ClInclude>
    <ClInclude Include="..\External\MathGeoLib\Include\Math\simd.h">
      <Filter>External\MathGeoLib\Math</Filter>
    </ClInclude>
    <ClInclude Include="..\External\MathGeoLib\Include\Math\sse_mathfun.h">
      <Filter>External\MathGeoLib\Math</Filter>
    </ClInclude>
    <ClInclude Include="..\External\MathGeoLib\Include\Math\SSEMath.h">
      <Filter>External\MathGeoLib\Math</Filter>
    </ClInclude>
    <ClInclude Include="..\External\MathGeoLib\Include\Math\Swap.h">
      <Filter>External\MathGeoLib\Math</Filter>
    </ClInclude>
    <ClInclude Include="..\External\MathGeoLib\Include\Math\TransformOps.h">
      <Filter>External\MathGeoLib\Math</Filter>
    </ClInclude>
    <ClInclude Include="..\External\MathGeoLib\Include\Math\vec2d.h">
      <Filter>External\MathGeoLib\Math</Filter>
    </ClInclude>
    <ClInclude Include="..\External\MathGeoLib\Include\Time\Clock.h">
      <Filter>External\MathGeoLib\Time</Filter>
    </ClInclude>
    <ClInclude Include="debug_draw.hpp">
      <Filter>Source</Filter>
    </ClInclude>
    <ClInclude Include="debugdraw.h">
      <Filter>Source</Filter>
    </ClInclude>
    <ClInclude Include="Module.h">
      <Filter>Source\Modules</Filter>
    </ClInclude>
    <ClInclude Include="ModuleDebugDraw.h">
      <Filter>Source\Modules</Filter>
    </ClInclude>
    <ClInclude Include="ModuleEditor.h">
      <Filter>Source\Modules</Filter>
    </ClInclude>
    <ClInclude Include="ModuleEditorCamera.h">
      <Filter>Source\Modules</Filter>
    </ClInclude>
    <ClInclude Include="ModuleInput.h">
      <Filter>Source\Modules</Filter>
    </ClInclude>
    <ClInclude Include="ModuleProgram.h">
      <Filter>Source\Modules</Filter>
    </ClInclude>
    <ClInclude Include="ModuleRender.h">
      <Filter>Source\Modules</Filter>
    </ClInclude>
    <ClInclude Include="ModuleTexture.h">
      <Filter>Source\Modules</Filter>
    </ClInclude>
    <ClInclude Include="ModuleWindow.h">
      <Filter>Source\Modules</Filter>
    </ClInclude>
    <ClInclude Include="Window.h">
      <Filter>Source\Models\Windows</Filter>
    </ClInclude>
    <ClInclude Include="Mesh.h">
      <Filter>Source\Models\3D Models</Filter>
    </ClInclude>
    <ClInclude Include="Model3D.h">
      <Filter>Source\Models\3D Models</Filter>
    </ClInclude>
    <ClInclude Include="Timer.h">
      <Filter>Source\Models\Timers</Filter>
    </ClInclude>
    <ClInclude Include="MillisecondTimer.h">
      <Filter>Source\Models\Timers</Filter>
    </ClInclude>
    <ClInclude Include="MicrosecondTimer.h">
      <Filter>Source\Models\Timers</Filter>
    </ClInclude>
    <ClInclude Include="WindowMainMenu.h">
      <Filter>Source\Models\Windows</Filter>
    </ClInclude>
    <ClInclude Include="WindowConfiguration.h">
      <Filter>Source\Models\Windows\EditorWindows</Filter>
    </ClInclude>
    <ClInclude Include="WindowConsole.h">
      <Filter>Source\Models\Windows\EditorWindows</Filter>
    </ClInclude>
    <ClInclude Include="EditorWindow.h">
      <Filter>Source\Models\Windows\EditorWindows</Filter>
    </ClInclude>
    <ClInclude Include="WindowFPS.h">
      <Filter>Source\Models\Windows\SubWindows</Filter>
    </ClInclude>
    <ClInclude Include="WindowHardware.h">
      <Filter>Source\Models\Windows\EditorWindows</Filter>
    </ClInclude>
    <ClInclude Include="WindowInput.h">
      <Filter>Source\Models\Windows\SubWindows</Filter>
    </ClInclude>
    <ClInclude Include="WindowModel3D.h">
      <Filter>Source\Models\Windows\EditorWindows</Filter>
    </ClInclude>
    <ClInclude Include="WindowScene.h">
      <Filter>Source\Models\Windows\EditorWindows</Filter>
    </ClInclude>
    <ClInclude Include="WindowWindow.h">
      <Filter>Source\Models\Windows\SubWindows</Filter>
    </ClInclude>
    <ClInclude Include="SubWindow.h">
      <Filter>Source\Models\Windows\SubWindows</Filter>
    </ClInclude>
    <ClInclude Include="WindowRenderer.h">
      <Filter>Source\Models\Windows\SubWindows</Filter>
    </ClInclude>
  </ItemGroup>
  <ItemGroup>
    <Filter Include="Source">
      <UniqueIdentifier>{8e30c3c1-a3b8-4389-a177-b260e182701e}</UniqueIdentifier>
    </Filter>
    <Filter Include="External">
      <UniqueIdentifier>{c434df95-597f-4442-9f42-29d5d771c4f1}</UniqueIdentifier>
    </Filter>
    <Filter Include="External\ImGui">
      <UniqueIdentifier>{2ba5db73-d264-4431-a4d8-3da3610c34d6}</UniqueIdentifier>
    </Filter>
    <Filter Include="External\MathGeoLib">
      <UniqueIdentifier>{360f95b6-f921-4878-93b6-5a7eb08830a5}</UniqueIdentifier>
    </Filter>
    <Filter Include="External\MathGeoLib\Algorithm">
      <UniqueIdentifier>{59f9cacf-e5f7-4542-8166-acf6a63f1f78}</UniqueIdentifier>
    </Filter>
    <Filter Include="External\MathGeoLib\Algorithm\Random">
      <UniqueIdentifier>{1ebd69c6-c590-4475-9d6c-8030c59c5ec1}</UniqueIdentifier>
    </Filter>
    <Filter Include="External\MathGeoLib\Geometry">
      <UniqueIdentifier>{cdb65e16-3fc0-4956-9bbb-2057cbf21fe4}</UniqueIdentifier>
    </Filter>
    <Filter Include="External\MathGeoLib\Math">
      <UniqueIdentifier>{3bdc910a-0b8a-4ed4-a6f5-2871e7ae3121}</UniqueIdentifier>
    </Filter>
    <Filter Include="External\MathGeoLib\Time">
      <UniqueIdentifier>{b2b8350e-04a2-4d05-8788-e81bfd3e821e}</UniqueIdentifier>
    </Filter>
    <Filter Include="Source\Modules">
      <UniqueIdentifier>{0e47e329-0ce9-412a-9e41-ff511aa8574c}</UniqueIdentifier>
    </Filter>
    <Filter Include="Source\Models">
      <UniqueIdentifier>{e72b1714-064d-4ec4-b321-4de0d338005e}</UniqueIdentifier>
    </Filter>
    <Filter Include="Source\Models\Windows">
      <UniqueIdentifier>{3c49c286-9acb-4a3f-861d-e6328d76ad29}</UniqueIdentifier>
    </Filter>
    <Filter Include="Source\Models\3D Models">
      <UniqueIdentifier>{abb92933-208e-4c28-ab39-2895bdd583c6}</UniqueIdentifier>
    </Filter>
    <Filter Include="Source\Models\Timers">
      <UniqueIdentifier>{26e31c71-09fc-4943-96e4-55fa89d0309d}</UniqueIdentifier>
    </Filter>
    <Filter Include="Source\Models\Components">
      <UniqueIdentifier>{e74e0e32-27f7-4030-b4bd-fed217418538}</UniqueIdentifier>
    </Filter>
    <Filter Include="Source\Models\Windows\EditorWindows">
      <UniqueIdentifier>{e9303ed8-5886-4b19-b970-946185ead3e2}</UniqueIdentifier>
    </Filter>
    <Filter Include="Source\Models\Windows\SubWindows">
      <UniqueIdentifier>{6bddb1fd-b581-4a22-8ed7-2f6d37603504}</UniqueIdentifier>
    </Filter>
  </ItemGroup>
  <ItemGroup>
    <None Include="..\External\MathGeoLib\Include\Geometry\KDTree.inl">
      <Filter>External\MathGeoLib\Geometry</Filter>
    </None>
    <None Include="..\External\MathGeoLib\Include\Geometry\QuadTree.inl">
      <Filter>External\MathGeoLib\Geometry</Filter>
    </None>
    <None Include="..\External\MathGeoLib\Include\Geometry\TriangleMesh_IntersectRay_AVX.inl">
      <Filter>External\MathGeoLib\Geometry</Filter>
    </None>
    <None Include="..\External\MathGeoLib\Include\Geometry\TriangleMesh_IntersectRay_CPP.inl">
      <Filter>External\MathGeoLib\Geometry</Filter>
    </None>
    <None Include="..\External\MathGeoLib\Include\Geometry\TriangleMesh_IntersectRay_SSE.inl">
      <Filter>External\MathGeoLib\Geometry</Filter>
    </None>
    <None Include="..\External\MathGeoLib\Include\Math\float2.inl">
      <Filter>External\MathGeoLib\Math</Filter>
    </None>
    <None Include="..\External\MathGeoLib\Include\Math\Matrix.inl">
      <Filter>External\MathGeoLib\Math</Filter>
    </None>
  </ItemGroup>
</Project>